// !$*UTF8*$!
{
	archiveVersion = 1;
	classes = {
	};
	objectVersion = 46;
	objects = {

/* Begin PBXBuildFile section */
		9BD847F5179F554F007F90B9 /* UIKit.framework in Frameworks */ = {isa = PBXBuildFile; fileRef = 9BD847F4179F554F007F90B9 /* UIKit.framework */; };
		9BD847F7179F554F007F90B9 /* Foundation.framework in Frameworks */ = {isa = PBXBuildFile; fileRef = 9BD847F6179F554F007F90B9 /* Foundation.framework */; };
		9BD847F9179F554F007F90B9 /* CoreGraphics.framework in Frameworks */ = {isa = PBXBuildFile; fileRef = 9BD847F8179F554F007F90B9 /* CoreGraphics.framework */; };
		9BD847FF179F554F007F90B9 /* InfoPlist.strings in Resources */ = {isa = PBXBuildFile; fileRef = 9BD847FD179F554F007F90B9 /* InfoPlist.strings */; };
		9BD84801179F554F007F90B9 /* main.m in Sources */ = {isa = PBXBuildFile; fileRef = 9BD84800179F554F007F90B9 /* main.m */; };
		9BD84805179F554F007F90B9 /* XFAppDelegate.m in Sources */ = {isa = PBXBuildFile; fileRef = 9BD84804179F554F007F90B9 /* XFAppDelegate.m */; };
		9BD84807179F554F007F90B9 /* Default.png in Resources */ = {isa = PBXBuildFile; fileRef = 9BD84806179F554F007F90B9 /* Default.png */; };
		9BD84809179F554F007F90B9 /* Default@2x.png in Resources */ = {isa = PBXBuildFile; fileRef = 9BD84808179F554F007F90B9 /* Default@2x.png */; };
		9BD8480B179F554F007F90B9 /* Default-568h@2x.png in Resources */ = {isa = PBXBuildFile; fileRef = 9BD8480A179F554F007F90B9 /* Default-568h@2x.png */; };
		9BD8480E179F554F007F90B9 /* MainStoryboard_iPhone.storyboard in Resources */ = {isa = PBXBuildFile; fileRef = 9BD8480C179F554F007F90B9 /* MainStoryboard_iPhone.storyboard */; };
		9BD84814179F554F007F90B9 /* XFViewController.m in Sources */ = {isa = PBXBuildFile; fileRef = 9BD84813179F554F007F90B9 /* XFViewController.m */; };
		9BD8481C179F66A8007F90B9 /* writeViewController.m in Sources */ = {isa = PBXBuildFile; fileRef = 9BD8481B179F66A8007F90B9 /* writeViewController.m */; };
		9BD8481F179F66C0007F90B9 /* readViewController.m in Sources */ = {isa = PBXBuildFile; fileRef = 9BD8481E179F66C0007F90B9 /* readViewController.m */; };
		9BD84822179F8F8A007F90B9 /* Person.m in Sources */ = {isa = PBXBuildFile; fileRef = 9BD84821179F8F89007F90B9 /* Person.m */; };
/* End PBXBuildFile section */

/* Begin PBXFileReference section */
		9BD847F1179F554F007F90B9 /* 本地数据存取- 多控制器- 综合.app */ = {isa = PBXFileReference; explicitFileType = wrapper.application; includeInIndex = 0; path = "本地数据存取- 多控制器- 综合.app"; sourceTree = BUILT_PRODUCTS_DIR; };
		9BD847F4179F554F007F90B9 /* UIKit.framework */ = {isa = PBXFileReference; lastKnownFileType = wrapper.framework; name = UIKit.framework; path = System/Library/Frameworks/UIKit.framework; sourceTree = SDKROOT; };
		9BD847F6179F554F007F90B9 /* Foundation.framework */ = {isa = PBXFileReference; lastKnownFileType = wrapper.framework; name = Foundation.framework; path = System/Library/Frameworks/Foundation.framework; sourceTree = SDKROOT; };
		9BD847F8179F554F007F90B9 /* CoreGraphics.framework */ = {isa = PBXFileReference; lastKnownFileType = wrapper.framework; name = CoreGraphics.framework; path = System/Library/Frameworks/CoreGraphics.framework; sourceTree = SDKROOT; };
		9BD847FC179F554F007F90B9 /* 本地数据存取- 多控制器- 综合-Info.plist */ = {isa = PBXFileReference; lastKnownFileType = text.plist.xml; path = "本地数据存取- 多控制器- 综合-Info.plist"; sourceTree = "<group>"; };
		9BD847FE179F554F007F90B9 /* en */ = {isa = PBXFileReference; lastKnownFileType = text.plist.strings; name = en; path = en.lproj/InfoPlist.strings; sourceTree = "<group>"; };
		9BD84800179F554F007F90B9 /* main.m */ = {isa = PBXFileReference; lastKnownFileType = sourcecode.c.objc; path = main.m; sourceTree = "<group>"; };
		9BD84802179F554F007F90B9 /* 本地数据存取- 多控制器- 综合-Prefix.pch */ = {isa = PBXFileReference; lastKnownFileType = sourcecode.c.h; path = "本地数据存取- 多控制器- 综合-Prefix.pch"; sourceTree = "<group>"; };
		9BD84803179F554F007F90B9 /* XFAppDelegate.h */ = {isa = PBXFileReference; lastKnownFileType = sourcecode.c.h; path = XFAppDelegate.h; sourceTree = "<group>"; };
		9BD84804179F554F007F90B9 /* XFAppDelegate.m */ = {isa = PBXFileReference; lastKnownFileType = sourcecode.c.objc; path = XFAppDelegate.m; sourceTree = "<group>"; };
		9BD84806179F554F007F90B9 /* Default.png */ = {isa = PBXFileReference; lastKnownFileType = image.png; path = Default.png; sourceTree = "<group>"; };
		9BD84808179F554F007F90B9 /* Default@2x.png */ = {isa = PBXFileReference; lastKnownFileType = image.png; path = "Default@2x.png"; sourceTree = "<group>"; };
		9BD8480A179F554F007F90B9 /* Default-568h@2x.png */ = {isa = PBXFileReference; lastKnownFileType = image.png; path = "Default-568h@2x.png"; sourceTree = "<group>"; };
		9BD8480D179F554F007F90B9 /* en */ = {isa = PBXFileReference; lastKnownFileType = file.storyboard; name = en; path = en.lproj/MainStoryboard_iPhone.storyboard; sourceTree = "<group>"; };
		9BD84812179F554F007F90B9 /* XFViewController.h */ = {isa = PBXFileReference; lastKnownFileType = sourcecode.c.h; path = XFViewController.h; sourceTree = "<group>"; };
		9BD84813179F554F007F90B9 /* XFViewController.m */ = {isa = PBXFileReference; lastKnownFileType = sourcecode.c.objc; path = XFViewController.m; sourceTree = "<group>"; };
		9BD8481A179F66A8007F90B9 /* writeViewController.h */ = {isa = PBXFileReference; fileEncoding = 4; lastKnownFileType = sourcecode.c.h; path = writeViewController.h; sourceTree = "<group>"; };
		9BD8481B179F66A8007F90B9 /* writeViewController.m */ = {isa = PBXFileReference; fileEncoding = 4; lastKnownFileType = sourcecode.c.objc; path = writeViewController.m; sourceTree = "<group>"; };
		9BD8481D179F66C0007F90B9 /* readViewController.h */ = {isa = PBXFileReference; fileEncoding = 4; lastKnownFileType = sourcecode.c.h; path = readViewController.h; sourceTree = "<group>"; };
		9BD8481E179F66C0007F90B9 /* readViewController.m */ = {isa = PBXFileReference; fileEncoding = 4; lastKnownFileType = sourcecode.c.objc; path = readViewController.m; sourceTree = "<group>"; };
		9BD84820179F8F89007F90B9 /* Person.h */ = {isa = PBXFileReference; fileEncoding = 4; lastKnownFileType = sourcecode.c.h; path = Person.h; sourceTree = "<group>"; };
		9BD84821179F8F89007F90B9 /* Person.m */ = {isa = PBXFileReference; fileEncoding = 4; lastKnownFileType = sourcecode.c.objc; path = Person.m; sourceTree = "<group>"; };
/* End PBXFileReference section */

/* Begin PBXFrameworksBuildPhase section */
		9BD847EE179F554F007F90B9 /* Frameworks */ = {
			isa = PBXFrameworksBuildPhase;
			buildActionMask = 2147483647;
			files = (
				9BD847F5179F554F007F90B9 /* UIKit.framework in Frameworks */,
				9BD847F7179F554F007F90B9 /* Foundation.framework in Frameworks */,
				9BD847F9179F554F007F90B9 /* CoreGraphics.framework in Frameworks */,
			);
			runOnlyForDeploymentPostprocessing = 0;
		};
/* End PBXFrameworksBuildPhase section */

/* Begin PBXGroup section */
		9BD847E8179F554F007F90B9 = {
			isa = PBXGroup;
			children = (
				9BD847FA179F554F007F90B9 /* 本地数据存取- 多控制器- 综合 */,
				9BD847F3179F554F007F90B9 /* Frameworks */,
				9BD847F2179F554F007F90B9 /* Products */,
			);
			sourceTree = "<group>";
		};
		9BD847F2179F554F007F90B9 /* Products */ = {
			isa = PBXGroup;
			children = (
				9BD847F1179F554F007F90B9 /* 本地数据存取- 多控制器- 综合.app */,
			);
			name = Products;
			sourceTree = "<group>";
		};
		9BD847F3179F554F007F90B9 /* Frameworks */ = {
			isa = PBXGroup;
			children = (
				9BD847F4179F554F007F90B9 /* UIKit.framework */,
				9BD847F6179F554F007F90B9 /* Foundation.framework */,
				9BD847F8179F554F007F90B9 /* CoreGraphics.framework */,
			);
			name = Frameworks;
			sourceTree = "<group>";
		};
		9BD847FA179F554F007F90B9 /* 本地数据存取- 多控制器- 综合 */ = {
			isa = PBXGroup;
			children = (
				9BD84803179F554F007F90B9 /* XFAppDelegate.h */,
				9BD84804179F554F007F90B9 /* XFAppDelegate.m */,
				9BD8480C179F554F007F90B9 /* MainStoryboard_iPhone.storyboard */,
				9BD84812179F554F007F90B9 /* XFViewController.h */,
				9BD84813179F554F007F90B9 /* XFViewController.m */,
				9BD8481A179F66A8007F90B9 /* writeViewController.h */,
				9BD8481B179F66A8007F90B9 /* writeViewController.m */,
				9BD8481D179F66C0007F90B9 /* readViewController.h */,
				9BD8481E179F66C0007F90B9 /* readViewController.m */,
				9BD847FB179F554F007F90B9 /* Supporting Files */,
				9BD84820179F8F89007F90B9 /* Person.h */,
				9BD84821179F8F89007F90B9 /* Person.m */,
			);
			path = "本地数据存取- 多控制器- 综合";
			sourceTree = "<group>";
		};
		9BD847FB179F554F007F90B9 /* Supporting Files */ = {
			isa = PBXGroup;
			children = (
				9BD847FC179F554F007F90B9 /* 本地数据存取- 多控制器- 综合-Info.plist */,
				9BD847FD179F554F007F90B9 /* InfoPlist.strings */,
				9BD84800179F554F007F90B9 /* main.m */,
				9BD84802179F554F007F90B9 /* 本地数据存取- 多控制器- 综合-Prefix.pch */,
				9BD84806179F554F007F90B9 /* Default.png */,
				9BD84808179F554F007F90B9 /* Default@2x.png */,
				9BD8480A179F554F007F90B9 /* Default-568h@2x.png */,
			);
			name = "Supporting Files";
			sourceTree = "<group>";
		};
/* End PBXGroup section */

/* Begin PBXNativeTarget section */
		9BD847F0179F554F007F90B9 /* 本地数据存取- 多控制器- 综合 */ = {
			isa = PBXNativeTarget;
			buildConfigurationList = 9BD84817179F554F007F90B9 /* Build configuration list for PBXNativeTarget "本地数据存取- 多控制器- 综合" */;
			buildPhases = (
				9BD847ED179F554F007F90B9 /* Sources */,
				9BD847EE179F554F007F90B9 /* Frameworks */,
				9BD847EF179F554F007F90B9 /* Resources */,
			);
			buildRules = (
			);
			dependencies = (
			);
			name = "本地数据存取- 多控制器- 综合";
			productName = "本地数据存取- 多控制器- 综合";
			productReference = 9BD847F1179F554F007F90B9 /* 本地数据存取- 多控制器- 综合.app */;
			productType = "com.apple.product-type.application";
		};
/* End PBXNativeTarget section */

/* Begin PBXProject section */
		9BD847E9179F554F007F90B9 /* Project object */ = {
			isa = PBXProject;
			attributes = {
				CLASSPREFIX = XF;
				LastUpgradeCheck = 0460;
				ORGANIZATIONNAME = wangxiaofei;
			};
			buildConfigurationList = 9BD847EC179F554F007F90B9 /* Build configuration list for PBXProject "本地数据存取- 多控制器- 综合" */;
			compatibilityVersion = "Xcode 3.2";
			developmentRegion = English;
			hasScannedForEncodings = 0;
			knownRegions = (
				en,
			);
			mainGroup = 9BD847E8179F554F007F90B9;
			productRefGroup = 9BD847F2179F554F007F90B9 /* Products */;
			projectDirPath = "";
			projectRoot = "";
			targets = (
				9BD847F0179F554F007F90B9 /* 本地数据存取- 多控制器- 综合 */,
			);
		};
/* End PBXProject section */

/* Begin PBXResourcesBuildPhase section */
		9BD847EF179F554F007F90B9 /* Resources */ = {
			isa = PBXResourcesBuildPhase;
			buildActionMask = 2147483647;
			files = (
				9BD847FF179F554F007F90B9 /* InfoPlist.strings in Resources */,
				9BD84807179F554F007F90B9 /* Default.png in Resources */,
				9BD84809179F554F007F90B9 /* Default@2x.png in Resources */,
				9BD8480B179F554F007F90B9 /* Default-568h@2x.png in Resources */,
				9BD8480E179F554F007F90B9 /* MainStoryboard_iPhone.storyboard in Resources */,
			);
			runOnlyForDeploymentPostprocessing = 0;
		};
/* End PBXResourcesBuildPhase section */

/* Begin PBXSourcesBuildPhase section */
		9BD847ED179F554F007F90B9 /* Sources */ = {
			isa = PBXSourcesBuildPhase;
			buildActionMask = 2147483647;
			files = (
				9BD84801179F554F007F90B9 /* main.m in Sources */,
				9BD84805179F554F007F90B9 /* XFAppDelegate.m in Sources */,
				9BD84814179F554F007F90B9 /* XFViewController.m in Sources */,
				9BD8481C179F66A8007F90B9 /* writeViewController.m in Sources */,
				9BD8481F179F66C0007F90B9 /* readViewController.m in Sources */,
				9BD84822179F8F8A007F90B9 /* Person.m in Sources */,
			);
			runOnlyForDeploymentPostprocessing = 0;
		};
/* End PBXSourcesBuildPhase section */

/* Begin PBXVariantGroup section */
		9BD847FD179F554F007F90B9 /* InfoPlist.strings */ = {
			isa = PBXVariantGroup;
			children = (
				9BD847FE179F554F007F90B9 /* en */,
			);
			name = InfoPlist.strings;
			sourceTree = "<group>";
		};
		9BD8480C179F554F007F90B9 /* MainStoryboard_iPhone.storyboard */ = {
			isa = PBXVariantGroup;
			children = (
				9BD8480D179F554F007F90B9 /* en */,
			);
			name = MainStoryboard_iPhone.storyboard;
			sourceTree = "<group>";
		};
/* End PBXVariantGroup section */

/* Begin XCBuildConfiguration section */
		9BD84815179F554F007F90B9 /* Debug */ = {
			isa = XCBuildConfiguration;
			buildSettings = {
				ALWAYS_SEARCH_USER_PATHS = NO;
				CLANG_CXX_LANGUAGE_STANDARD = "gnu++0x";
				CLANG_CXX_LIBRARY = "libc++";
				CLANG_ENABLE_OBJC_ARC = YES;
				CLANG_WARN_CONSTANT_CONVERSION = YES;
				CLANG_WARN_EMPTY_BODY = YES;
				CLANG_WARN_ENUM_CONVERSION = YES;
				CLANG_WARN_INT_CONVERSION = YES;
				CLANG_WARN__DUPLICATE_METHOD_MATCH = YES;
				"CODE_SIGN_IDENTITY[sdk=iphoneos*]" = "iPhone Developer";
				COPY_PHASE_STRIP = NO;
				GCC_C_LANGUAGE_STANDARD = gnu99;
				GCC_DYNAMIC_NO_PIC = NO;
				GCC_OPTIMIZATION_LEVEL = 0;
				GCC_PREPROCESSOR_DEFINITIONS = (
					"DEBUG=1",
					"$(inherited)",
				);
				GCC_SYMBOLS_PRIVATE_EXTERN = NO;
				GCC_WARN_ABOUT_RETURN_TYPE = YES;
				GCC_WARN_UNINITIALIZED_AUTOS = YES;
				GCC_WARN_UNUSED_VARIABLE = YES;
				IPHONEOS_DEPLOYMENT_TARGET = 6.1;
				ONLY_ACTIVE_ARCH = YES;
				SDKROOT = iphoneos;
				TARGETED_DEVICE_FAMILY = "1,2";
			};
			name = Debug;
		};
		9BD84816179F554F007F90B9 /* Release */ = {
			isa = XCBuildConfiguration;
			buildSettings = {
				ALWAYS_SEARCH_USER_PATHS = NO;
				CLANG_CXX_LANGUAGE_STANDARD = "gnu++0x";
				CLANG_CXX_LIBRARY = "libc++";
				CLANG_ENABLE_OBJC_ARC = YES;
				CLANG_WARN_CONSTANT_CONVERSION = YES;
				CLANG_WARN_EMPTY_BODY = YES;
				CLANG_WARN_ENUM_CONVERSION = YES;
				CLANG_WARN_INT_CONVERSION = YES;
				CLANG_WARN__DUPLICATE_METHOD_MATCH = YES;
				"CODE_SIGN_IDENTITY[sdk=iphoneos*]" = "iPhone Developer";
				COPY_PHASE_STRIP = YES;
				GCC_C_LANGUAGE_STANDARD = gnu99;
				GCC_WARN_ABOUT_RETURN_TYPE = YES;
				GCC_WARN_UNINITIALIZED_AUTOS = YES;
				GCC_WARN_UNUSED_VARIABLE = YES;
				IPHONEOS_DEPLOYMENT_TARGET = 6.1;
				OTHER_CFLAGS = "-DNS_BLOCK_ASSERTIONS=1";
				SDKROOT = iphoneos;
				TARGETED_DEVICE_FAMILY = "1,2";
				VALIDATE_PRODUCT = YES;
			};
			name = Release;
		};
		9BD84818179F554F007F90B9 /* Debug */ = {
			isa = XCBuildConfiguration;
			buildSettings = {
				GCC_PRECOMPILE_PREFIX_HEADER = YES;
				GCC_PREFIX_HEADER = "本地数据存取- 多控制器- 综合/本地数据存取- 多控制器- 综合-Prefix.pch";
				INFOPLIST_FILE = "本地数据存取- 多控制器- 综合/本地数据存取- 多控制器- 综合-Info.plist";
				PRODUCT_NAME = "$(TARGET_NAME)";
				WRAPPER_EXTENSION = app;
			};
			name = Debug;
		};
		9BD84819179F554F007F90B9 /* Release */ = {
			isa = XCBuildConfiguration;
			buildSettings = {
				GCC_PRECOMPILE_PREFIX_HEADER = YES;
				GCC_PREFIX_HEADER = "本地数据存取- 多控制器- 综合/本地数据存取- 多控制器- 综合-Prefix.pch";
				INFOPLIST_FILE = "本地数据存取- 多控制器- 综合/本地数据存取- 多控制器- 综合-Info.plist";
				PRODUCT_NAME = "$(TARGET_NAME)";
				WRAPPER_EXTENSION = app;
			};
			name = Release;
		};
/* End XCBuildConfiguration section */

/* Begin XCConfigurationList section */
		9BD847EC179F554F007F90B9 /* Build configuration list for PBXProject "本地数据存取- 多控制器- 综合" */ = {
			isa = XCConfigurationList;
			buildConfigurations = (
				9BD84815179F554F007F90B9 /* Debug */,
				9BD84816179F554F007F90B9 /* Release */,
			);
			defaultConfigurationIsVisible = 0;
			defaultConfigurationName = Release;
		};
		9BD84817179F554F007F90B9 /* Build configuration list for PBXNativeTarget "本地数据存取- 多控制器- 综合" */ = {
			isa = XCConfigurationList;
			buildConfigurations = (
				9BD84818179F554F007F90B9 /* Debug */,
				9BD84819179F554F007F90B9 /* Release */,
			);
			defaultConfigurationIsVisible = 0;
			defaultConfigurationName = Release;
		};
/* End XCConfigurationList section */
	};
	rootObject = 9BD847E9179F554F007F90B9 /* Project object */;
}
